
Microsoft Visual Studio Solution File, Format Version 12.00
# Visual Studio 15
VisualStudioVersion = 15.0.28307.852
MinimumVisualStudioVersion = 10.0.40219.1
Project("{FAE04EC0-301F-11D3-BF4B-00C04F79EFBC}") = "UnitTestProject1", "UnitTestProject1\UnitTestProject1.csproj", "{5E9B9C1F-A78A-4002-9690-CB0CA0B9EDD1}"
EndProject
Global
	GlobalSection(SolutionConfigurationPlatforms) = preSolution
		Debug|Any CPU = Debug|Any CPU
		Release|Any CPU = Release|Any CPU
	EndGlobalSection
	GlobalSection(ProjectConfigurationPlatforms) = postSolution
		{5E9B9C1F-A78A-4002-9690-CB0CA0B9EDD1}.Debug|Any CPU.ActiveCfg = Debug|Any CPU
		{5E9B9C1F-A78A-4002-9690-CB0CA0B9EDD1}.Debug|Any CPU.Build.0 = Debug|Any CPU
		{5E9B9C1F-A78A-4002-9690-CB0CA0B9EDD1}.Release|Any CPU.ActiveCfg = Release|Any CPU
		{5E9B9C1F-A78A-4002-9690-CB0CA0B9EDD1}.Release|Any CPU.Build.0 = Release|Any CPU
	EndGlobalSection
	GlobalSection(SolutionProperties) = preSolution
		HideSolutionNode = FALSE
	EndGlobalSection
	GlobalSection(ExtensibilityGlobals) = postSolution
		SolutionGuid = {60B024BA-B79E-479F-857B-3994D244AE24}
	EndGlobalSection
EndGlobal
